
Microsoft Visual Studio Solution File, Format Version 12.00
# Visual Studio Version 16
VisualStudioVersion = 16.0.30711.63
MinimumVisualStudioVersion = 10.0.40219.1
Project("{FAE04EC0-301F-11D3-BF4B-00C04F79EFBC}") = "Entityinmvc", "Entityinmvc\Entityinmvc.csproj", "{33544935-D639-46AE-AC3F-E74DC249F061}"
EndProject
Global
	GlobalSection(SolutionConfigurationPlatforms) = preSolution
		Debug|Any CPU = Debug|Any CPU
		Release|Any CPU = Release|Any CPU
	EndGlobalSection
	GlobalSection(ProjectConfigurationPlatforms) = postSolution
		{33544935-D639-46AE-AC3F-E74DC249F061}.Debug|Any CPU.ActiveCfg = Debug|Any CPU
		{33544935-D639-46AE-AC3F-E74DC249F061}.Debug|Any CPU.Build.0 = Debug|Any CPU
		{33544935-D639-46AE-AC3F-E74DC249F061}.Release|Any CPU.ActiveCfg = Release|Any CPU
		{33544935-D639-46AE-AC3F-E74DC249F061}.Release|Any CPU.Build.0 = Release|Any CPU
	EndGlobalSection
	GlobalSection(SolutionProperties) = preSolution
		HideSolutionNode = FALSE
	EndGlobalSection
	GlobalSection(ExtensibilityGlobals) = postSolution
		SolutionGuid = {D622A72D-4B5D-407E-A739-12288C969D77}
	EndGlobalSection
EndGlobal
