
Microsoft Visual Studio Solution File, Format Version 12.00
# Visual Studio Version 16
VisualStudioVersion = 16.0.30711.63
MinimumVisualStudioVersion = 10.0.40219.1
Project("{9A19103F-16F7-4668-BE54-9A1E7A4F7556}") = "Testing in Mvc", "Testing in Mvc\Testing in Mvc.csproj", "{54BFF22C-73A5-4E4F-94CA-C9405EB7AA7C}"
EndProject
Project("{FAE04EC0-301F-11D3-BF4B-00C04F79EFBC}") = "MVCUnitTestingDemo", "MVCUnitTestingDemo\MVCUnitTestingDemo.csproj", "{7352B25F-2E1B-47D2-B376-3C88507ADFFB}"
EndProject
Global
	GlobalSection(SolutionConfigurationPlatforms) = preSolution
		Debug|Any CPU = Debug|Any CPU
		Release|Any CPU = Release|Any CPU
	EndGlobalSection
	GlobalSection(ProjectConfigurationPlatforms) = postSolution
		{54BFF22C-73A5-4E4F-94CA-C9405EB7AA7C}.Debug|Any CPU.ActiveCfg = Debug|Any CPU
		{54BFF22C-73A5-4E4F-94CA-C9405EB7AA7C}.Debug|Any CPU.Build.0 = Debug|Any CPU
		{54BFF22C-73A5-4E4F-94CA-C9405EB7AA7C}.Release|Any CPU.ActiveCfg = Release|Any CPU
		{54BFF22C-73A5-4E4F-94CA-C9405EB7AA7C}.Release|Any CPU.Build.0 = Release|Any CPU
		{7352B25F-2E1B-47D2-B376-3C88507ADFFB}.Debug|Any CPU.ActiveCfg = Debug|Any CPU
		{7352B25F-2E1B-47D2-B376-3C88507ADFFB}.Debug|Any CPU.Build.0 = Debug|Any CPU
		{7352B25F-2E1B-47D2-B376-3C88507ADFFB}.Release|Any CPU.ActiveCfg = Release|Any CPU
		{7352B25F-2E1B-47D2-B376-3C88507ADFFB}.Release|Any CPU.Build.0 = Release|Any CPU
	EndGlobalSection
	GlobalSection(SolutionProperties) = preSolution
		HideSolutionNode = FALSE
	EndGlobalSection
	GlobalSection(ExtensibilityGlobals) = postSolution
		SolutionGuid = {C8E8AAC9-BFE7-4D53-9AF6-9EBFDE62B31F}
	EndGlobalSection
EndGlobal
