
Microsoft Visual Studio Solution File, Format Version 12.00
# Visual Studio Version 16
VisualStudioVersion = 16.0.30804.86
MinimumVisualStudioVersion = 10.0.40219.1
Project("{FAE04EC0-301F-11D3-BF4B-00C04F79EFBC}") = "LinqinMVC", "LinqinMVC\LinqinMVC.csproj", "{101071D6-D65C-4022-9D8E-6DD669EC2464}"
EndProject
Global
	GlobalSection(SolutionConfigurationPlatforms) = preSolution
		Debug|Any CPU = Debug|Any CPU
		Release|Any CPU = Release|Any CPU
	EndGlobalSection
	GlobalSection(ProjectConfigurationPlatforms) = postSolution
		{101071D6-D65C-4022-9D8E-6DD669EC2464}.Debug|Any CPU.ActiveCfg = Debug|Any CPU
		{101071D6-D65C-4022-9D8E-6DD669EC2464}.Debug|Any CPU.Build.0 = Debug|Any CPU
		{101071D6-D65C-4022-9D8E-6DD669EC2464}.Release|Any CPU.ActiveCfg = Release|Any CPU
		{101071D6-D65C-4022-9D8E-6DD669EC2464}.Release|Any CPU.Build.0 = Release|Any CPU
	EndGlobalSection
	GlobalSection(SolutionProperties) = preSolution
		HideSolutionNode = FALSE
	EndGlobalSection
	GlobalSection(ExtensibilityGlobals) = postSolution
		SolutionGuid = {1D6DEDF2-603E-4BC6-872F-86259289BEDD}
	EndGlobalSection
EndGlobal
